
Microsoft Visual Studio Solution File, Format Version 12.00
# Visual Studio Version 16
VisualStudioVersion = 16.0.29102.190
MinimumVisualStudioVersion = 10.0.40219.1
Project("{2150E333-8FDC-42A3-9474-1A3956D46DE8}") = "Core", "Core", "{5C784AEF-240F-4533-85B7-94CF1D2C7177}"
EndProject
Project("{9A19103F-16F7-4668-BE54-9A1E7A4F7556}") = "DotNetCore.DI.Interception", "DotNetCore.DI.Interception\DotNetCore.DI.Interception.csproj", "{00DCF852-C32B-4EF3-9994-434A18F31E48}"
EndProject
Project("{2150E333-8FDC-42A3-9474-1A3956D46DE8}") = "Tests", "Tests", "{A7475807-1353-4559-96B4-7569A555E97D}"
EndProject
Project("{9A19103F-16F7-4668-BE54-9A1E7A4F7556}") = "DotNetCore.DI.Interception.Tests", "DotNetCore.DI.Interception.Tests\DotNetCore.DI.Interception.Tests.csproj", "{170B0516-963C-48F3-8229-E1B31EC4AEE3}"
EndProject
Global
	GlobalSection(SolutionConfigurationPlatforms) = preSolution
		Debug|Any CPU = Debug|Any CPU
		Release|Any CPU = Release|Any CPU
	EndGlobalSection
	GlobalSection(ProjectConfigurationPlatforms) = postSolution
		{00DCF852-C32B-4EF3-9994-434A18F31E48}.Debug|Any CPU.ActiveCfg = Debug|Any CPU
		{00DCF852-C32B-4EF3-9994-434A18F31E48}.Debug|Any CPU.Build.0 = Debug|Any CPU
		{00DCF852-C32B-4EF3-9994-434A18F31E48}.Release|Any CPU.ActiveCfg = Release|Any CPU
		{00DCF852-C32B-4EF3-9994-434A18F31E48}.Release|Any CPU.Build.0 = Release|Any CPU
		{170B0516-963C-48F3-8229-E1B31EC4AEE3}.Debug|Any CPU.ActiveCfg = Debug|Any CPU
		{170B0516-963C-48F3-8229-E1B31EC4AEE3}.Debug|Any CPU.Build.0 = Debug|Any CPU
		{170B0516-963C-48F3-8229-E1B31EC4AEE3}.Release|Any CPU.ActiveCfg = Release|Any CPU
		{170B0516-963C-48F3-8229-E1B31EC4AEE3}.Release|Any CPU.Build.0 = Release|Any CPU
	EndGlobalSection
	GlobalSection(SolutionProperties) = preSolution
		HideSolutionNode = FALSE
	EndGlobalSection
	GlobalSection(NestedProjects) = preSolution
		{00DCF852-C32B-4EF3-9994-434A18F31E48} = {5C784AEF-240F-4533-85B7-94CF1D2C7177}
		{170B0516-963C-48F3-8229-E1B31EC4AEE3} = {A7475807-1353-4559-96B4-7569A555E97D}
	EndGlobalSection
	GlobalSection(ExtensibilityGlobals) = postSolution
		SolutionGuid = {6453D061-9D98-41B0-87B5-8071508CE378}
	EndGlobalSection
EndGlobal
