
Microsoft Visual Studio Solution File, Format Version 12.00
# Visual Studio Version 16
VisualStudioVersion = 16.0.29102.190
MinimumVisualStudioVersion = 10.0.40219.1
Project("{2150E333-8FDC-42A3-9474-1A3956D46DE8}") = "Samples", "Samples", "{8E041F6C-8F2F-4542-858C-F74A6A46E81E}"
EndProject
Project("{2150E333-8FDC-42A3-9474-1A3956D46DE8}") = "Core", "Core", "{5C784AEF-240F-4533-85B7-94CF1D2C7177}"
EndProject
Project("{9A19103F-16F7-4668-BE54-9A1E7A4F7556}") = "DotNetCore.DI.Interception", "DotNetCore.DI.Interception\DotNetCore.DI.Interception.csproj", "{00DCF852-C32B-4EF3-9994-434A18F31E48}"
EndProject
Project("{9A19103F-16F7-4668-BE54-9A1E7A4F7556}") = "DotNetCore.DI.Interception.Interceptors", "DotNetCore.DI.Interception.Interceptors\DotNetCore.DI.Interception.Interceptors.csproj", "{48047EF3-8563-45F8-A723-5FAF2A719AB9}"
EndProject
Project("{9A19103F-16F7-4668-BE54-9A1E7A4F7556}") = "DotNetCore.DI.Interception.Sample.Services", "DotNetCore.DI.Interception.Sample.Services\DotNetCore.DI.Interception.Sample.Services.csproj", "{7807D454-997E-4515-B260-E831978D8192}"
EndProject
Project("{9A19103F-16F7-4668-BE54-9A1E7A4F7556}") = "DotNetCore.DI.Interception.Sample.WebApp", "DotNetCore.DI.Interception.Sample.WebApp\DotNetCore.DI.Interception.Sample.WebApp.csproj", "{5DAAF727-45B8-4CC3-8BB8-99876A7A542D}"
EndProject
Global
	GlobalSection(SolutionConfigurationPlatforms) = preSolution
		Debug|Any CPU = Debug|Any CPU
		Release|Any CPU = Release|Any CPU
	EndGlobalSection
	GlobalSection(ProjectConfigurationPlatforms) = postSolution
		{00DCF852-C32B-4EF3-9994-434A18F31E48}.Debug|Any CPU.ActiveCfg = Debug|Any CPU
		{00DCF852-C32B-4EF3-9994-434A18F31E48}.Debug|Any CPU.Build.0 = Debug|Any CPU
		{00DCF852-C32B-4EF3-9994-434A18F31E48}.Release|Any CPU.ActiveCfg = Release|Any CPU
		{00DCF852-C32B-4EF3-9994-434A18F31E48}.Release|Any CPU.Build.0 = Release|Any CPU
		{48047EF3-8563-45F8-A723-5FAF2A719AB9}.Debug|Any CPU.ActiveCfg = Debug|Any CPU
		{48047EF3-8563-45F8-A723-5FAF2A719AB9}.Debug|Any CPU.Build.0 = Debug|Any CPU
		{48047EF3-8563-45F8-A723-5FAF2A719AB9}.Release|Any CPU.ActiveCfg = Release|Any CPU
		{48047EF3-8563-45F8-A723-5FAF2A719AB9}.Release|Any CPU.Build.0 = Release|Any CPU
		{7807D454-997E-4515-B260-E831978D8192}.Debug|Any CPU.ActiveCfg = Debug|Any CPU
		{7807D454-997E-4515-B260-E831978D8192}.Debug|Any CPU.Build.0 = Debug|Any CPU
		{7807D454-997E-4515-B260-E831978D8192}.Release|Any CPU.ActiveCfg = Release|Any CPU
		{7807D454-997E-4515-B260-E831978D8192}.Release|Any CPU.Build.0 = Release|Any CPU
		{5DAAF727-45B8-4CC3-8BB8-99876A7A542D}.Debug|Any CPU.ActiveCfg = Debug|Any CPU
		{5DAAF727-45B8-4CC3-8BB8-99876A7A542D}.Debug|Any CPU.Build.0 = Debug|Any CPU
		{5DAAF727-45B8-4CC3-8BB8-99876A7A542D}.Release|Any CPU.ActiveCfg = Release|Any CPU
		{5DAAF727-45B8-4CC3-8BB8-99876A7A542D}.Release|Any CPU.Build.0 = Release|Any CPU
	EndGlobalSection
	GlobalSection(SolutionProperties) = preSolution
		HideSolutionNode = FALSE
	EndGlobalSection
	GlobalSection(NestedProjects) = preSolution
		{00DCF852-C32B-4EF3-9994-434A18F31E48} = {5C784AEF-240F-4533-85B7-94CF1D2C7177}
		{48047EF3-8563-45F8-A723-5FAF2A719AB9} = {8E041F6C-8F2F-4542-858C-F74A6A46E81E}
		{7807D454-997E-4515-B260-E831978D8192} = {8E041F6C-8F2F-4542-858C-F74A6A46E81E}
		{5DAAF727-45B8-4CC3-8BB8-99876A7A542D} = {8E041F6C-8F2F-4542-858C-F74A6A46E81E}
	EndGlobalSection
	GlobalSection(ExtensibilityGlobals) = postSolution
		SolutionGuid = {6453D061-9D98-41B0-87B5-8071508CE378}
	EndGlobalSection
EndGlobal
